// !$*UTF8*$!
{
	archiveVersion = 1;
	classes = {
	};
	objectVersion = 50;
	objects = {

/* Begin PBXBuildFile section */
		77D49C63251012A400C9C1F7 /* AppDelegate.swift in Sources */ = {isa = PBXBuildFile; fileRef = 77D49C62251012A400C9C1F7 /* AppDelegate.swift */; };
		77D49C67251012A400C9C1F7 /* VideoCompositionController.swift in Sources */ = {isa = PBXBuildFile; fileRef = 77D49C66251012A400C9C1F7 /* VideoCompositionController.swift */; };
		77D49C6A251012A400C9C1F7 /* Main.storyboard in Resources */ = {isa = PBXBuildFile; fileRef = 77D49C68251012A400C9C1F7 /* Main.storyboard */; };
		77D49C6C251012A600C9C1F7 /* Assets.xcassets in Resources */ = {isa = PBXBuildFile; fileRef = 77D49C6B251012A600C9C1F7 /* Assets.xcassets */; };
		77D49C6F251012A600C9C1F7 /* LaunchScreen.storyboard in Resources */ = {isa = PBXBuildFile; fileRef = 77D49C6D251012A600C9C1F7 /* LaunchScreen.storyboard */; };
		77D49C78251012CB00C9C1F7 /* MediaPickerController.swift in Sources */ = {isa = PBXBuildFile; fileRef = 77D49C77251012CB00C9C1F7 /* MediaPickerController.swift */; };
		77D49C802510E68400C9C1F7 /* VideoComposer.swift in Sources */ = {isa = PBXBuildFile; fileRef = 77D49C7F2510E68400C9C1F7 /* VideoComposer.swift */; };
		77D49C83251154EB00C9C1F7 /* MediaItemCell.swift in Sources */ = {isa = PBXBuildFile; fileRef = 77D49C82251154EB00C9C1F7 /* MediaItemCell.swift */; };
		77D49C852511586A00C9C1F7 /* VideoCompositionViewModel.swift in Sources */ = {isa = PBXBuildFile; fileRef = 77D49C842511586A00C9C1F7 /* VideoCompositionViewModel.swift */; };
		77D49C882511624E00C9C1F7 /* AVFoundationExtensions.swift in Sources */ = {isa = PBXBuildFile; fileRef = 77D49C872511624E00C9C1F7 /* AVFoundationExtensions.swift */; };
		77D49C932511EF9E00C9C1F7 /* CGSizeExtensions.swift in Sources */ = {isa = PBXBuildFile; fileRef = 77D49C922511EF9E00C9C1F7 /* CGSizeExtensions.swift */; };
/* End PBXBuildFile section */

/* Begin PBXFileReference section */
		77D49C5F251012A400C9C1F7 /* AVFoundationDemo.app */ = {isa = PBXFileReference; explicitFileType = wrapper.application; includeInIndex = 0; path = AVFoundationDemo.app; sourceTree = BUILT_PRODUCTS_DIR; };
		77D49C62251012A400C9C1F7 /* AppDelegate.swift */ = {isa = PBXFileReference; lastKnownFileType = sourcecode.swift; path = AppDelegate.swift; sourceTree = "<group>"; };
		77D49C66251012A400C9C1F7 /* VideoCompositionController.swift */ = {isa = PBXFileReference; lastKnownFileType = sourcecode.swift; path = VideoCompositionController.swift; sourceTree = "<group>"; };
		77D49C69251012A400C9C1F7 /* Base */ = {isa = PBXFileReference; lastKnownFileType = file.storyboard; name = Base; path = Base.lproj/Main.storyboard; sourceTree = "<group>"; };
		77D49C6B251012A600C9C1F7 /* Assets.xcassets */ = {isa = PBXFileReference; lastKnownFileType = folder.assetcatalog; path = Assets.xcassets; sourceTree = "<group>"; };
		77D49C6E251012A600C9C1F7 /* Base */ = {isa = PBXFileReference; lastKnownFileType = file.storyboard; name = Base; path = Base.lproj/LaunchScreen.storyboard; sourceTree = "<group>"; };
		77D49C70251012A600C9C1F7 /* Info.plist */ = {isa = PBXFileReference; lastKnownFileType = text.plist.xml; path = Info.plist; sourceTree = "<group>"; };
		77D49C77251012CB00C9C1F7 /* MediaPickerController.swift */ = {isa = PBXFileReference; lastKnownFileType = sourcecode.swift; path = MediaPickerController.swift; sourceTree = "<group>"; };
		77D49C7F2510E68400C9C1F7 /* VideoComposer.swift */ = {isa = PBXFileReference; lastKnownFileType = sourcecode.swift; path = VideoComposer.swift; sourceTree = "<group>"; };
		77D49C82251154EB00C9C1F7 /* MediaItemCell.swift */ = {isa = PBXFileReference; lastKnownFileType = sourcecode.swift; path = MediaItemCell.swift; sourceTree = "<group>"; };
		77D49C842511586A00C9C1F7 /* VideoCompositionViewModel.swift */ = {isa = PBXFileReference; lastKnownFileType = sourcecode.swift; path = VideoCompositionViewModel.swift; sourceTree = "<group>"; };
		77D49C872511624E00C9C1F7 /* AVFoundationExtensions.swift */ = {isa = PBXFileReference; lastKnownFileType = sourcecode.swift; path = AVFoundationExtensions.swift; sourceTree = "<group>"; };
		77D49C922511EF9E00C9C1F7 /* CGSizeExtensions.swift */ = {isa = PBXFileReference; lastKnownFileType = sourcecode.swift; path = CGSizeExtensions.swift; sourceTree = "<group>"; };
/* End PBXFileReference section */

/* Begin PBXFrameworksBuildPhase section */
		77D49C5C251012A400C9C1F7 /* Frameworks */ = {
			isa = PBXFrameworksBuildPhase;
			buildActionMask = 2147483647;
			files = (
			);
			runOnlyForDeploymentPostprocessing = 0;
		};
/* End PBXFrameworksBuildPhase section */

/* Begin PBXGroup section */
		77D49C56251012A400C9C1F7 = {
			isa = PBXGroup;
			children = (
				77D49C61251012A400C9C1F7 /* AVFoundationDemo */,
				77D49C60251012A400C9C1F7 /* Products */,
			);
			sourceTree = "<group>";
		};
		77D49C60251012A400C9C1F7 /* Products */ = {
			isa = PBXGroup;
			children = (
				77D49C5F251012A400C9C1F7 /* AVFoundationDemo.app */,
			);
			name = Products;
			sourceTree = "<group>";
		};
		77D49C61251012A400C9C1F7 /* AVFoundationDemo */ = {
			isa = PBXGroup;
			children = (
				77D49C8C25116D4200C9C1F7 /* Common */,
				77D49C8B25116D0D00C9C1F7 /* Modules */,
				77D49C792510B94200C9C1F7 /* Resources */,
				77D49C70251012A600C9C1F7 /* Info.plist */,
			);
			path = AVFoundationDemo;
			sourceTree = "<group>";
		};
		77D49C76251012B000C9C1F7 /* Media picker */ = {
			isa = PBXGroup;
			children = (
				77D49C77251012CB00C9C1F7 /* MediaPickerController.swift */,
			);
			path = "Media picker";
			sourceTree = "<group>";
		};
		77D49C792510B94200C9C1F7 /* Resources */ = {
			isa = PBXGroup;
			children = (
				77D49C68251012A400C9C1F7 /* Main.storyboard */,
				77D49C6D251012A600C9C1F7 /* LaunchScreen.storyboard */,
				77D49C6B251012A600C9C1F7 /* Assets.xcassets */,
			);
			path = Resources;
			sourceTree = "<group>";
		};
		77D49C7E2510E66400C9C1F7 /* Media editor */ = {
			isa = PBXGroup;
			children = (
				77D49C66251012A400C9C1F7 /* VideoCompositionController.swift */,
				77D49C842511586A00C9C1F7 /* VideoCompositionViewModel.swift */,
				77D49C82251154EB00C9C1F7 /* MediaItemCell.swift */,
			);
			path = "Media editor";
			sourceTree = "<group>";
		};
		77D49C862511623300C9C1F7 /* Extensions */ = {
			isa = PBXGroup;
			children = (
				77D49C872511624E00C9C1F7 /* AVFoundationExtensions.swift */,
				77D49C922511EF9E00C9C1F7 /* CGSizeExtensions.swift */,
			);
			path = Extensions;
			sourceTree = "<group>";
		};
		77D49C8B25116D0D00C9C1F7 /* Modules */ = {
			isa = PBXGroup;
			children = (
				77D49C76251012B000C9C1F7 /* Media picker */,
				77D49C7E2510E66400C9C1F7 /* Media editor */,
			);
			path = Modules;
			sourceTree = "<group>";
		};
		77D49C8C25116D4200C9C1F7 /* Common */ = {
			isa = PBXGroup;
			children = (
				77D49C62251012A400C9C1F7 /* AppDelegate.swift */,
				77D49C862511623300C9C1F7 /* Extensions */,
				77D49C8D25116D4A00C9C1F7 /* Services */,
			);
			path = Common;
			sourceTree = "<group>";
		};
		77D49C8D25116D4A00C9C1F7 /* Services */ = {
			isa = PBXGroup;
			children = (
				77D49C7F2510E68400C9C1F7 /* VideoComposer.swift */,
			);
			path = Services;
			sourceTree = "<group>";
		};
/* End PBXGroup section */

/* Begin PBXNativeTarget section */
		77D49C5E251012A400C9C1F7 /* AVFoundationDemo */ = {
			isa = PBXNativeTarget;
			buildConfigurationList = 77D49C73251012A600C9C1F7 /* Build configuration list for PBXNativeTarget "AVFoundationDemo" */;
			buildPhases = (
				77D49C5B251012A400C9C1F7 /* Sources */,
				77D49C5C251012A400C9C1F7 /* Frameworks */,
				77D49C5D251012A400C9C1F7 /* Resources */,
			);
			buildRules = (
			);
			dependencies = (
			);
			name = AVFoundationDemo;
			productName = AVFoundationDemo;
			productReference = 77D49C5F251012A400C9C1F7 /* AVFoundationDemo.app */;
			productType = "com.apple.product-type.application";
		};
/* End PBXNativeTarget section */

/* Begin PBXProject section */
		77D49C57251012A400C9C1F7 /* Project object */ = {
			isa = PBXProject;
			attributes = {
				LastSwiftUpdateCheck = 1170;
				LastUpgradeCheck = 1170;
				ORGANIZATIONNAME = GM;
				TargetAttributes = {
					77D49C5E251012A400C9C1F7 = {
						CreatedOnToolsVersion = 11.7;
					};
				};
			};
			buildConfigurationList = 77D49C5A251012A400C9C1F7 /* Build configuration list for PBXProject "AVFoundationDemo" */;
			compatibilityVersion = "Xcode 9.3";
			developmentRegion = en;
			hasScannedForEncodings = 0;
			knownRegions = (
				en,
				Base,
			);
			mainGroup = 77D49C56251012A400C9C1F7;
			productRefGroup = 77D49C60251012A400C9C1F7 /* Products */;
			projectDirPath = "";
			projectRoot = "";
			targets = (
				77D49C5E251012A400C9C1F7 /* AVFoundationDemo */,
			);
		};
/* End PBXProject section */

/* Begin PBXResourcesBuildPhase section */
		77D49C5D251012A400C9C1F7 /* Resources */ = {
			isa = PBXResourcesBuildPhase;
			buildActionMask = 2147483647;
			files = (
				77D49C6F251012A600C9C1F7 /* LaunchScreen.storyboard in Resources */,
				77D49C6C251012A600C9C1F7 /* Assets.xcassets in Resources */,
				77D49C6A251012A400C9C1F7 /* Main.storyboard in Resources */,
			);
			runOnlyForDeploymentPostprocessing = 0;
		};
/* End PBXResourcesBuildPhase section */

/* Begin PBXSourcesBuildPhase section */
		77D49C5B251012A400C9C1F7 /* Sources */ = {
			isa = PBXSourcesBuildPhase;
			buildActionMask = 2147483647;
			files = (
				77D49C932511EF9E00C9C1F7 /* CGSizeExtensions.swift in Sources */,
				77D49C83251154EB00C9C1F7 /* MediaItemCell.swift in Sources */,
				77D49C882511624E00C9C1F7 /* AVFoundationExtensions.swift in Sources */,
				77D49C78251012CB00C9C1F7 /* MediaPickerController.swift in Sources */,
				77D49C67251012A400C9C1F7 /* VideoCompositionController.swift in Sources */,
				77D49C852511586A00C9C1F7 /* VideoCompositionViewModel.swift in Sources */,
				77D49C802510E68400C9C1F7 /* VideoComposer.swift in Sources */,
				77D49C63251012A400C9C1F7 /* AppDelegate.swift in Sources */,
			);
			runOnlyForDeploymentPostprocessing = 0;
		};
/* End PBXSourcesBuildPhase section */

/* Begin PBXVariantGroup section */
		77D49C68251012A400C9C1F7 /* Main.storyboard */ = {
			isa = PBXVariantGroup;
			children = (
				77D49C69251012A400C9C1F7 /* Base */,
			);
			name = Main.storyboard;
			sourceTree = "<group>";
		};
		77D49C6D251012A600C9C1F7 /* LaunchScreen.storyboard */ = {
			isa = PBXVariantGroup;
			children = (
				77D49C6E251012A600C9C1F7 /* Base */,
			);
			name = LaunchScreen.storyboard;
			sourceTree = "<group>";
		};
/* End PBXVariantGroup section */

/* Begin XCBuildConfiguration section */
		77D49C71251012A600C9C1F7 /* Debug */ = {
			isa = XCBuildConfiguration;
			buildSettings = {
				ALWAYS_SEARCH_USER_PATHS = NO;
				CLANG_ANALYZER_NONNULL = YES;
				CLANG_ANALYZER_NUMBER_OBJECT_CONVERSION = YES_AGGRESSIVE;
				CLANG_CXX_LANGUAGE_STANDARD = "gnu++14";
				CLANG_CXX_LIBRARY = "libc++";
				CLANG_ENABLE_MODULES = YES;
				CLANG_ENABLE_OBJC_ARC = YES;
				CLANG_ENABLE_OBJC_WEAK = YES;
				CLANG_WARN_BLOCK_CAPTURE_AUTORELEASING = YES;
				CLANG_WARN_BOOL_CONVERSION = YES;
				CLANG_WARN_COMMA = YES;
				CLANG_WARN_CONSTANT_CONVERSION = YES;
				CLANG_WARN_DEPRECATED_OBJC_IMPLEMENTATIONS = YES;
				CLANG_WARN_DIRECT_OBJC_ISA_USAGE = YES_ERROR;
				CLANG_WARN_DOCUMENTATION_COMMENTS = YES;
				CLANG_WARN_EMPTY_BODY = YES;
				CLANG_WARN_ENUM_CONVERSION = YES;
				CLANG_WARN_INFINITE_RECURSION = YES;
				CLANG_WARN_INT_CONVERSION = YES;
				CLANG_WARN_NON_LITERAL_NULL_CONVERSION = YES;
				CLANG_WARN_OBJC_IMPLICIT_RETAIN_SELF = YES;
				CLANG_WARN_OBJC_LITERAL_CONVERSION = YES;
				CLANG_WARN_OBJC_ROOT_CLASS = YES_ERROR;
				CLANG_WARN_RANGE_LOOP_ANALYSIS = YES;
				CLANG_WARN_STRICT_PROTOTYPES = YES;
				CLANG_WARN_SUSPICIOUS_MOVE = YES;
				CLANG_WARN_UNGUARDED_AVAILABILITY = YES_AGGRESSIVE;
				CLANG_WARN_UNREACHABLE_CODE = YES;
				CLANG_WARN__DUPLICATE_METHOD_MATCH = YES;
				COPY_PHASE_STRIP = NO;
				DEBUG_INFORMATION_FORMAT = dwarf;
				ENABLE_STRICT_OBJC_MSGSEND = YES;
				ENABLE_TESTABILITY = YES;
				GCC_C_LANGUAGE_STANDARD = gnu11;
				GCC_DYNAMIC_NO_PIC = NO;
				GCC_NO_COMMON_BLOCKS = YES;
				GCC_OPTIMIZATION_LEVEL = 0;
				GCC_PREPROCESSOR_DEFINITIONS = (
					"DEBUG=1",
					"$(inherited)",
				);
				GCC_WARN_64_TO_32_BIT_CONVERSION = YES;
				GCC_WARN_ABOUT_RETURN_TYPE = YES_ERROR;
				GCC_WARN_UNDECLARED_SELECTOR = YES;
				GCC_WARN_UNINITIALIZED_AUTOS = YES_AGGRESSIVE;
				GCC_WARN_UNUSED_FUNCTION = YES;
				GCC_WARN_UNUSED_VARIABLE = YES;
				IPHONEOS_DEPLOYMENT_TARGET = 12.0;
				MTL_ENABLE_DEBUG_INFO = INCLUDE_SOURCE;
				MTL_FAST_MATH = YES;
				ONLY_ACTIVE_ARCH = YES;
				SDKROOT = iphoneos;
				SWIFT_ACTIVE_COMPILATION_CONDITIONS = DEBUG;
				SWIFT_OPTIMIZATION_LEVEL = "-Onone";
			};
			name = Debug;
		};
		77D49C72251012A600C9C1F7 /* Release */ = {
			isa = XCBuildConfiguration;
			buildSettings = {
				ALWAYS_SEARCH_USER_PATHS = NO;
				CLANG_ANALYZER_NONNULL = YES;
				CLANG_ANALYZER_NUMBER_OBJECT_CONVERSION = YES_AGGRESSIVE;
				CLANG_CXX_LANGUAGE_STANDARD = "gnu++14";
				CLANG_CXX_LIBRARY = "libc++";
				CLANG_ENABLE_MODULES = YES;
				CLANG_ENABLE_OBJC_ARC = YES;
				CLANG_ENABLE_OBJC_WEAK = YES;
				CLANG_WARN_BLOCK_CAPTURE_AUTORELEASING = YES;
				CLANG_WARN_BOOL_CONVERSION = YES;
				CLANG_WARN_COMMA = YES;
				CLANG_WARN_CONSTANT_CONVERSION = YES;
				CLANG_WARN_DEPRECATED_OBJC_IMPLEMENTATIONS = YES;
				CLANG_WARN_DIRECT_OBJC_ISA_USAGE = YES_ERROR;
				CLANG_WARN_DOCUMENTATION_COMMENTS = YES;
				CLANG_WARN_EMPTY_BODY = YES;
				CLANG_WARN_ENUM_CONVERSION = YES;
				CLANG_WARN_INFINITE_RECURSION = YES;
				CLANG_WARN_INT_CONVERSION = YES;
				CLANG_WARN_NON_LITERAL_NULL_CONVERSION = YES;
				CLANG_WARN_OBJC_IMPLICIT_RETAIN_SELF = YES;
				CLANG_WARN_OBJC_LITERAL_CONVERSION = YES;
				CLANG_WARN_OBJC_ROOT_CLASS = YES_ERROR;
				CLANG_WARN_RANGE_LOOP_ANALYSIS = YES;
				CLANG_WARN_STRICT_PROTOTYPES = YES;
				CLANG_WARN_SUSPICIOUS_MOVE = YES;
				CLANG_WARN_UNGUARDED_AVAILABILITY = YES_AGGRESSIVE;
				CLANG_WARN_UNREACHABLE_CODE = YES;
				CLANG_WARN__DUPLICATE_METHOD_MATCH = YES;
				COPY_PHASE_STRIP = NO;
				DEBUG_INFORMATION_FORMAT = "dwarf-with-dsym";
				ENABLE_NS_ASSERTIONS = NO;
				ENABLE_STRICT_OBJC_MSGSEND = YES;
				GCC_C_LANGUAGE_STANDARD = gnu11;
				GCC_NO_COMMON_BLOCKS = YES;
				GCC_WARN_64_TO_32_BIT_CONVERSION = YES;
				GCC_WARN_ABOUT_RETURN_TYPE = YES_ERROR;
				GCC_WARN_UNDECLARED_SELECTOR = YES;
				GCC_WARN_UNINITIALIZED_AUTOS = YES_AGGRESSIVE;
				GCC_WARN_UNUSED_FUNCTION = YES;
				GCC_WARN_UNUSED_VARIABLE = YES;
				IPHONEOS_DEPLOYMENT_TARGET = 12.0;
				MTL_ENABLE_DEBUG_INFO = NO;
				MTL_FAST_MATH = YES;
				SDKROOT = iphoneos;
				SWIFT_COMPILATION_MODE = wholemodule;
				SWIFT_OPTIMIZATION_LEVEL = "-O";
				VALIDATE_PRODUCT = YES;
			};
			name = Release;
		};
		77D49C74251012A600C9C1F7 /* Debug */ = {
			isa = XCBuildConfiguration;
			buildSettings = {
				ASSETCATALOG_COMPILER_APPICON_NAME = AppIcon;
				CODE_SIGN_STYLE = Automatic;
				DEVELOPMENT_TEAM = 8K2Z2624US;
				INFOPLIST_FILE = AVFoundationDemo/Info.plist;
				LD_RUNPATH_SEARCH_PATHS = (
					"$(inherited)",
					"@executable_path/Frameworks",
				);
				PRODUCT_BUNDLE_IDENTIFIER = com.gm.AVFoundationDemo;
				PRODUCT_NAME = "$(TARGET_NAME)";
				SWIFT_VERSION = 5.0;
				TARGETED_DEVICE_FAMILY = "1,2";
			};
			name = Debug;
		};
		77D49C75251012A600C9C1F7 /* Release */ = {
			isa = XCBuildConfiguration;
			buildSettings = {
				ASSETCATALOG_COMPILER_APPICON_NAME = AppIcon;
				CODE_SIGN_STYLE = Automatic;
				DEVELOPMENT_TEAM = 8K2Z2624US;
				INFOPLIST_FILE = AVFoundationDemo/Info.plist;
				LD_RUNPATH_SEARCH_PATHS = (
					"$(inherited)",
					"@executable_path/Frameworks",
				);
				PRODUCT_BUNDLE_IDENTIFIER = com.gm.AVFoundationDemo;
				PRODUCT_NAME = "$(TARGET_NAME)";
				SWIFT_VERSION = 5.0;
				TARGETED_DEVICE_FAMILY = "1,2";
			};
			name = Release;
		};
/* End XCBuildConfiguration section */

/* Begin XCConfigurationList section */
		77D49C5A251012A400C9C1F7 /* Build configuration list for PBXProject "AVFoundationDemo" */ = {
			isa = XCConfigurationList;
			buildConfigurations = (
				77D49C71251012A600C9C1F7 /* Debug */,
				77D49C72251012A600C9C1F7 /* Release */,
			);
			defaultConfigurationIsVisible = 0;
			defaultConfigurationName = Release;
		};
		77D49C73251012A600C9C1F7 /* Build configuration list for PBXNativeTarget "AVFoundationDemo" */ = {
			isa = XCConfigurationList;
			buildConfigurations = (
				77D49C74251012A600C9C1F7 /* Debug */,
				77D49C75251012A600C9C1F7 /* Release */,
			);
			defaultConfigurationIsVisible = 0;
			defaultConfigurationName = Release;
		};
/* End XCConfigurationList section */
	};
	rootObject = 77D49C57251012A400C9C1F7 /* Project object */;
}
